
Microsoft Visual Studio Solution File, Format Version 12.00
# Visual Studio Version 16
VisualStudioVersion = 16.0.31005.135
MinimumVisualStudioVersion = 10.0.40219.1
Project("{FAE04EC0-301F-11D3-BF4B-00C04F79EFBC}") = "imtahan", "imtahan\imtahan.csproj", "{45E5BFEF-A8BE-4E3E-99D9-8E87EB13EAF9}"
EndProject
Global
	GlobalSection(SolutionConfigurationPlatforms) = preSolution
		Debug|Any CPU = Debug|Any CPU
		Release|Any CPU = Release|Any CPU
	EndGlobalSection
	GlobalSection(ProjectConfigurationPlatforms) = postSolution
		{45E5BFEF-A8BE-4E3E-99D9-8E87EB13EAF9}.Debug|Any CPU.ActiveCfg = Debug|Any CPU
		{45E5BFEF-A8BE-4E3E-99D9-8E87EB13EAF9}.Debug|Any CPU.Build.0 = Debug|Any CPU
		{45E5BFEF-A8BE-4E3E-99D9-8E87EB13EAF9}.Release|Any CPU.ActiveCfg = Release|Any CPU
		{45E5BFEF-A8BE-4E3E-99D9-8E87EB13EAF9}.Release|Any CPU.Build.0 = Release|Any CPU
	EndGlobalSection
	GlobalSection(SolutionProperties) = preSolution
		HideSolutionNode = FALSE
	EndGlobalSection
	GlobalSection(ExtensibilityGlobals) = postSolution
		SolutionGuid = {CF4F8199-B4DD-4287-8DF2-C216C1BF6D58}
	EndGlobalSection
EndGlobal
